
Microsoft Visual Studio Solution File, Format Version 12.00
# Visual Studio Version 16
VisualStudioVersion = 16.0.31729.503
MinimumVisualStudioVersion = 10.0.40219.1
Project("{FAE04EC0-301F-11D3-BF4B-00C04F79EFBC}") = "XIVSearch", "XIVSearch\XIVSearch.csproj", "{F2134967-F140-4ACB-9B27-DADE250AB717}"
EndProject
Global
	GlobalSection(SolutionConfigurationPlatforms) = preSolution
		Debug|Any CPU = Debug|Any CPU
		Release|Any CPU = Release|Any CPU
	EndGlobalSection
	GlobalSection(ProjectConfigurationPlatforms) = postSolution
		{F2134967-F140-4ACB-9B27-DADE250AB717}.Debug|Any CPU.ActiveCfg = Debug|Any CPU
		{F2134967-F140-4ACB-9B27-DADE250AB717}.Debug|Any CPU.Build.0 = Debug|Any CPU
		{F2134967-F140-4ACB-9B27-DADE250AB717}.Release|Any CPU.ActiveCfg = Release|Any CPU
		{F2134967-F140-4ACB-9B27-DADE250AB717}.Release|Any CPU.Build.0 = Release|Any CPU
	EndGlobalSection
	GlobalSection(SolutionProperties) = preSolution
		HideSolutionNode = FALSE
	EndGlobalSection
	GlobalSection(ExtensibilityGlobals) = postSolution
		SolutionGuid = {69EEDFE8-DBA9-4959-B9AB-86588BF2747A}
	EndGlobalSection
EndGlobal
